// !$*UTF8*$!
{
	archiveVersion = 1;
	classes = {
	};
	objectVersion = 77;
	objects = {

/* Begin PBXBuildFile section */
		B719BA902E21574600312174 /* Localizable.strings in Resources */ = {isa = PBXBuildFile; fileRef = B719BA8E2E21574600312174 /* Localizable.strings */; };
		B719BA942E21576700312174 /* Localizable.strings in Resources */ = {isa = PBXBuildFile; fileRef = B719BA922E21576700312174 /* Localizable.strings */; };
		B7C2E8F82E18CE1100CB6A1C /* SQLite in Frameworks */ = {isa = PBXBuildFile; productRef = B7C2E8F72E18CE1100CB6A1C /* SQLite */; };
/* End PBXBuildFile section */

/* Begin PBXContainerItemProxy section */
		B7C2E8D82E18C9B500CB6A1C /* PBXContainerItemProxy */ = {
			isa = PBXContainerItemProxy;
			containerPortal = B7C2E8C12E18C9B200CB6A1C /* Project object */;
			proxyType = 1;
			remoteGlobalIDString = B7C2E8C82E18C9B200CB6A1C;
			remoteInfo = "Nutrition Calculator";
		};
		B7C2E8E22E18C9B500CB6A1C /* PBXContainerItemProxy */ = {
			isa = PBXContainerItemProxy;
			containerPortal = B7C2E8C12E18C9B200CB6A1C /* Project object */;
			proxyType = 1;
			remoteGlobalIDString = B7C2E8C82E18C9B200CB6A1C;
			remoteInfo = "Nutrition Calculator";
		};
/* End PBXContainerItemProxy section */

/* Begin PBXFileReference section */
		B719BA8D2E21574600312174 /* zh-Hant */ = {isa = PBXFileReference; lastKnownFileType = text.plist.strings; name = "zh-Hant"; path = Localizable.strings; sourceTree = "<group>"; };
		B719BA912E21576700312174 /* en */ = {isa = PBXFileReference; lastKnownFileType = text.plist.strings; name = en; path = Localizable.strings; sourceTree = "<group>"; };
		B7C2E8C92E18C9B200CB6A1C /* Nutrition Calculator.app */ = {isa = PBXFileReference; explicitFileType = wrapper.application; includeInIndex = 0; path = "Nutrition Calculator.app"; sourceTree = BUILT_PRODUCTS_DIR; };
		B7C2E8D72E18C9B500CB6A1C /* Nutrition CalculatorTests.xctest */ = {isa = PBXFileReference; explicitFileType = wrapper.cfbundle; includeInIndex = 0; path = "Nutrition CalculatorTests.xctest"; sourceTree = BUILT_PRODUCTS_DIR; };
		B7C2E8E12E18C9B500CB6A1C /* Nutrition CalculatorUITests.xctest */ = {isa = PBXFileReference; explicitFileType = wrapper.cfbundle; includeInIndex = 0; path = "Nutrition CalculatorUITests.xctest"; sourceTree = BUILT_PRODUCTS_DIR; };
/* End PBXFileReference section */

/* Begin PBXFileSystemSynchronizedBuildFileExceptionSet section */
		B719BA532E2149AE00312174 /* Exceptions for "Nutrition Calculator" folder in "Nutrition Calculator" target */ = {
			isa = PBXFileSystemSynchronizedBuildFileExceptionSet;
			membershipExceptions = (
				"/Localized: Localizable.strings",
			);
			target = B7C2E8C82E18C9B200CB6A1C /* Nutrition Calculator */;
		};
/* End PBXFileSystemSynchronizedBuildFileExceptionSet section */

/* Begin PBXFileSystemSynchronizedRootGroup section */
		B7C2E8CB2E18C9B200CB6A1C /* Nutrition Calculator */ = {
			isa = PBXFileSystemSynchronizedRootGroup;
			exceptions = (
				B719BA532E2149AE00312174 /* Exceptions for "Nutrition Calculator" folder in "Nutrition Calculator" target */,
			);
			path = "Nutrition Calculator";
			sourceTree = "<group>";
		};
		B7C2E8DA2E18C9B500CB6A1C /* Nutrition CalculatorTests */ = {
			isa = PBXFileSystemSynchronizedRootGroup;
			path = "Nutrition CalculatorTests";
			sourceTree = "<group>";
		};
		B7C2E8E42E18C9B500CB6A1C /* Nutrition CalculatorUITests */ = {
			isa = PBXFileSystemSynchronizedRootGroup;
			path = "Nutrition CalculatorUITests";
			sourceTree = "<group>";
		};
/* End PBXFileSystemSynchronizedRootGroup section */

/* Begin PBXFrameworksBuildPhase section */
		B7C2E8C62E18C9B200CB6A1C /* Frameworks */ = {
			isa = PBXFrameworksBuildPhase;
			buildActionMask = 2147483647;
			files = (
				B7C2E8F82E18CE1100CB6A1C /* SQLite in Frameworks */,
			);
			runOnlyForDeploymentPostprocessing = 0;
		};
		B7C2E8D42E18C9B500CB6A1C /* Frameworks */ = {
			isa = PBXFrameworksBuildPhase;
			buildActionMask = 2147483647;
			files = (
			);
			runOnlyForDeploymentPostprocessing = 0;
		};
		B7C2E8DE2E18C9B500CB6A1C /* Frameworks */ = {
			isa = PBXFrameworksBuildPhase;
			buildActionMask = 2147483647;
			files = (
			);
			runOnlyForDeploymentPostprocessing = 0;
		};
/* End PBXFrameworksBuildPhase section */

/* Begin PBXGroup section */
		B719BA8F2E21574600312174 /* zh-Hant.lproj */ = {
			isa = PBXGroup;
			children = (
				B719BA8E2E21574600312174 /* Localizable.strings */,
			);
			path = "zh-Hant.lproj";
			sourceTree = "<group>";
		};
		B719BA932E21576700312174 /* en.lproj */ = {
			isa = PBXGroup;
			children = (
				B719BA922E21576700312174 /* Localizable.strings */,
			);
			path = en.lproj;
			sourceTree = "<group>";
		};
		B7C2E8C02E18C9B200CB6A1C = {
			isa = PBXGroup;
			children = (
				B719BA932E21576700312174 /* en.lproj */,
				B719BA8F2E21574600312174 /* zh-Hant.lproj */,
				B7C2E8CB2E18C9B200CB6A1C /* Nutrition Calculator */,
				B7C2E8DA2E18C9B500CB6A1C /* Nutrition CalculatorTests */,
				B7C2E8E42E18C9B500CB6A1C /* Nutrition CalculatorUITests */,
				B7C2E8CA2E18C9B200CB6A1C /* Products */,
			);
			sourceTree = "<group>";
		};
		B7C2E8CA2E18C9B200CB6A1C /* Products */ = {
			isa = PBXGroup;
			children = (
				B7C2E8C92E18C9B200CB6A1C /* Nutrition Calculator.app */,
				B7C2E8D72E18C9B500CB6A1C /* Nutrition CalculatorTests.xctest */,
				B7C2E8E12E18C9B500CB6A1C /* Nutrition CalculatorUITests.xctest */,
			);
			name = Products;
			sourceTree = "<group>";
		};
/* End PBXGroup section */

/* Begin PBXNativeTarget section */
		B7C2E8C82E18C9B200CB6A1C /* Nutrition Calculator */ = {
			isa = PBXNativeTarget;
			buildConfigurationList = B7C2E8EB2E18C9B500CB6A1C /* Build configuration list for PBXNativeTarget "Nutrition Calculator" */;
			buildPhases = (
				B7C2E8C52E18C9B200CB6A1C /* Sources */,
				B7C2E8C62E18C9B200CB6A1C /* Frameworks */,
				B7C2E8C72E18C9B200CB6A1C /* Resources */,
			);
			buildRules = (
			);
			dependencies = (
			);
			fileSystemSynchronizedGroups = (
				B7C2E8CB2E18C9B200CB6A1C /* Nutrition Calculator */,
			);
			name = "Nutrition Calculator";
			packageProductDependencies = (
				B7C2E8F72E18CE1100CB6A1C /* SQLite */,
			);
			productName = "Nutrition Calculator";
			productReference = B7C2E8C92E18C9B200CB6A1C /* Nutrition Calculator.app */;
			productType = "com.apple.product-type.application";
		};
		B7C2E8D62E18C9B500CB6A1C /* Nutrition CalculatorTests */ = {
			isa = PBXNativeTarget;
			buildConfigurationList = B7C2E8EE2E18C9B500CB6A1C /* Build configuration list for PBXNativeTarget "Nutrition CalculatorTests" */;
			buildPhases = (
				B7C2E8D32E18C9B500CB6A1C /* Sources */,
				B7C2E8D42E18C9B500CB6A1C /* Frameworks */,
				B7C2E8D52E18C9B500CB6A1C /* Resources */,
			);
			buildRules = (
			);
			dependencies = (
				B7C2E8D92E18C9B500CB6A1C /* PBXTargetDependency */,
			);
			fileSystemSynchronizedGroups = (
				B7C2E8DA2E18C9B500CB6A1C /* Nutrition CalculatorTests */,
			);
			name = "Nutrition CalculatorTests";
			packageProductDependencies = (
			);
			productName = "Nutrition CalculatorTests";
			productReference = B7C2E8D72E18C9B500CB6A1C /* Nutrition CalculatorTests.xctest */;
			productType = "com.apple.product-type.bundle.unit-test";
		};
		B7C2E8E02E18C9B500CB6A1C /* Nutrition CalculatorUITests */ = {
			isa = PBXNativeTarget;
			buildConfigurationList = B7C2E8F12E18C9B500CB6A1C /* Build configuration list for PBXNativeTarget "Nutrition CalculatorUITests" */;
			buildPhases = (
				B7C2E8DD2E18C9B500CB6A1C /* Sources */,
				B7C2E8DE2E18C9B500CB6A1C /* Frameworks */,
				B7C2E8DF2E18C9B500CB6A1C /* Resources */,
			);
			buildRules = (
			);
			dependencies = (
				B7C2E8E32E18C9B500CB6A1C /* PBXTargetDependency */,
			);
			fileSystemSynchronizedGroups = (
				B7C2E8E42E18C9B500CB6A1C /* Nutrition CalculatorUITests */,
			);
			name = "Nutrition CalculatorUITests";
			packageProductDependencies = (
			);
			productName = "Nutrition CalculatorUITests";
			productReference = B7C2E8E12E18C9B500CB6A1C /* Nutrition CalculatorUITests.xctest */;
			productType = "com.apple.product-type.bundle.ui-testing";
		};
/* End PBXNativeTarget section */

/* Begin PBXProject section */
		B7C2E8C12E18C9B200CB6A1C /* Project object */ = {
			isa = PBXProject;
			attributes = {
				BuildIndependentTargetsInParallel = 1;
				LastSwiftUpdateCheck = 1640;
				LastUpgradeCheck = 1640;
				TargetAttributes = {
					B7C2E8C82E18C9B200CB6A1C = {
						CreatedOnToolsVersion = 16.4;
					};
					B7C2E8D62E18C9B500CB6A1C = {
						CreatedOnToolsVersion = 16.4;
						TestTargetID = B7C2E8C82E18C9B200CB6A1C;
					};
					B7C2E8E02E18C9B500CB6A1C = {
						CreatedOnToolsVersion = 16.4;
						TestTargetID = B7C2E8C82E18C9B200CB6A1C;
					};
				};
			};
			buildConfigurationList = B7C2E8C42E18C9B200CB6A1C /* Build configuration list for PBXProject "Nutrition Calculator" */;
			developmentRegion = en;
			hasScannedForEncodings = 0;
			knownRegions = (
				en,
				Base,
				"zh-Hant",
				"zh-Hant 2",
				"zh-Hant 3",
				ja,
			);
			mainGroup = B7C2E8C02E18C9B200CB6A1C;
			minimizedProjectReferenceProxies = 1;
			packageReferences = (
				B7C2E8F42E18CCD300CB6A1C /* XCRemoteSwiftPackageReference "SQLite" */,
			);
			preferredProjectObjectVersion = 77;
			productRefGroup = B7C2E8CA2E18C9B200CB6A1C /* Products */;
			projectDirPath = "";
			projectRoot = "";
			targets = (
				B7C2E8C82E18C9B200CB6A1C /* Nutrition Calculator */,
				B7C2E8D62E18C9B500CB6A1C /* Nutrition CalculatorTests */,
				B7C2E8E02E18C9B500CB6A1C /* Nutrition CalculatorUITests */,
			);
		};
/* End PBXProject section */

/* Begin PBXResourcesBuildPhase section */
		B7C2E8C72E18C9B200CB6A1C /* Resources */ = {
			isa = PBXResourcesBuildPhase;
			buildActionMask = 2147483647;
			files = (
				B719BA942E21576700312174 /* Localizable.strings in Resources */,
				B719BA902E21574600312174 /* Localizable.strings in Resources */,
			);
			runOnlyForDeploymentPostprocessing = 0;
		};
		B7C2E8D52E18C9B500CB6A1C /* Resources */ = {
			isa = PBXResourcesBuildPhase;
			buildActionMask = 2147483647;
			files = (
			);
			runOnlyForDeploymentPostprocessing = 0;
		};
		B7C2E8DF2E18C9B500CB6A1C /* Resources */ = {
			isa = PBXResourcesBuildPhase;
			buildActionMask = 2147483647;
			files = (
			);
			runOnlyForDeploymentPostprocessing = 0;
		};
/* End PBXResourcesBuildPhase section */

/* Begin PBXSourcesBuildPhase section */
		B7C2E8C52E18C9B200CB6A1C /* Sources */ = {
			isa = PBXSourcesBuildPhase;
			buildActionMask = 2147483647;
			files = (
			);
			runOnlyForDeploymentPostprocessing = 0;
		};
		B7C2E8D32E18C9B500CB6A1C /* Sources */ = {
			isa = PBXSourcesBuildPhase;
			buildActionMask = 2147483647;
			files = (
			);
			runOnlyForDeploymentPostprocessing = 0;
		};
		B7C2E8DD2E18C9B500CB6A1C /* Sources */ = {
			isa = PBXSourcesBuildPhase;
			buildActionMask = 2147483647;
			files = (
			);
			runOnlyForDeploymentPostprocessing = 0;
		};
/* End PBXSourcesBuildPhase section */

/* Begin PBXTargetDependency section */
		B7C2E8D92E18C9B500CB6A1C /* PBXTargetDependency */ = {
			isa = PBXTargetDependency;
			target = B7C2E8C82E18C9B200CB6A1C /* Nutrition Calculator */;
			targetProxy = B7C2E8D82E18C9B500CB6A1C /* PBXContainerItemProxy */;
		};
		B7C2E8E32E18C9B500CB6A1C /* PBXTargetDependency */ = {
			isa = PBXTargetDependency;
			target = B7C2E8C82E18C9B200CB6A1C /* Nutrition Calculator */;
			targetProxy = B7C2E8E22E18C9B500CB6A1C /* PBXContainerItemProxy */;
		};
/* End PBXTargetDependency section */

/* Begin PBXVariantGroup section */
		B719BA8E2E21574600312174 /* Localizable.strings */ = {
			isa = PBXVariantGroup;
			children = (
				B719BA8D2E21574600312174 /* zh-Hant */,
			);
			name = Localizable.strings;
			sourceTree = "<group>";
		};
		B719BA922E21576700312174 /* Localizable.strings */ = {
			isa = PBXVariantGroup;
			children = (
				B719BA912E21576700312174 /* en */,
			);
			name = Localizable.strings;
			sourceTree = "<group>";
		};
/* End PBXVariantGroup section */

/* Begin XCBuildConfiguration section */
		B7C2E8E92E18C9B500CB6A1C /* Debug */ = {
			isa = XCBuildConfiguration;
			baseConfigurationReferenceAnchor = B7C2E8CB2E18C9B200CB6A1C /* Nutrition Calculator */;
			baseConfigurationReferenceRelativePath = Secrets.xcconfig;
			buildSettings = {
				ALWAYS_SEARCH_USER_PATHS = NO;
				ASSETCATALOG_COMPILER_GENERATE_SWIFT_ASSET_SYMBOL_EXTENSIONS = YES;
				CLANG_ANALYZER_NONNULL = YES;
				CLANG_ANALYZER_NUMBER_OBJECT_CONVERSION = YES_AGGRESSIVE;
				CLANG_CXX_LANGUAGE_STANDARD = "gnu++20";
				CLANG_ENABLE_MODULES = YES;
				CLANG_ENABLE_OBJC_ARC = YES;
				CLANG_ENABLE_OBJC_WEAK = YES;
				CLANG_WARN_BLOCK_CAPTURE_AUTORELEASING = YES;
				CLANG_WARN_BOOL_CONVERSION = YES;
				CLANG_WARN_COMMA = YES;
				CLANG_WARN_CONSTANT_CONVERSION = YES;
				CLANG_WARN_DEPRECATED_OBJC_IMPLEMENTATIONS = YES;
				CLANG_WARN_DIRECT_OBJC_ISA_USAGE = YES_ERROR;
				CLANG_WARN_DOCUMENTATION_COMMENTS = YES;
				CLANG_WARN_EMPTY_BODY = YES;
				CLANG_WARN_ENUM_CONVERSION = YES;
				CLANG_WARN_INFINITE_RECURSION = YES;
				CLANG_WARN_INT_CONVERSION = YES;
				CLANG_WARN_NON_LITERAL_NULL_CONVERSION = YES;
				CLANG_WARN_OBJC_IMPLICIT_RETAIN_SELF = YES;
				CLANG_WARN_OBJC_LITERAL_CONVERSION = YES;
				CLANG_WARN_OBJC_ROOT_CLASS = YES_ERROR;
				CLANG_WARN_QUOTED_INCLUDE_IN_FRAMEWORK_HEADER = YES;
				CLANG_WARN_RANGE_LOOP_ANALYSIS = YES;
				CLANG_WARN_STRICT_PROTOTYPES = YES;
				CLANG_WARN_SUSPICIOUS_MOVE = YES;
				CLANG_WARN_UNGUARDED_AVAILABILITY = YES_AGGRESSIVE;
				CLANG_WARN_UNREACHABLE_CODE = YES;
				CLANG_WARN__DUPLICATE_METHOD_MATCH = YES;
				COPY_PHASE_STRIP = NO;
				DEBUG_INFORMATION_FORMAT = dwarf;
				ENABLE_STRICT_OBJC_MSGSEND = YES;
				ENABLE_TESTABILITY = YES;
				ENABLE_USER_SCRIPT_SANDBOXING = YES;
				GCC_C_LANGUAGE_STANDARD = gnu17;
				GCC_DYNAMIC_NO_PIC = NO;
				GCC_NO_COMMON_BLOCKS = YES;
				GCC_OPTIMIZATION_LEVEL = 0;
				GCC_PREPROCESSOR_DEFINITIONS = (
					"DEBUG=1",
					"$(inherited)",
				);
				GCC_WARN_64_TO_32_BIT_CONVERSION = YES;
				GCC_WARN_ABOUT_RETURN_TYPE = YES_ERROR;
				GCC_WARN_UNDECLARED_SELECTOR = YES;
				GCC_WARN_UNINITIALIZED_AUTOS = YES_AGGRESSIVE;
				GCC_WARN_UNUSED_FUNCTION = YES;
				GCC_WARN_UNUSED_VARIABLE = YES;
				LOCALIZATION_PREFERS_STRING_CATALOGS = YES;
				MTL_ENABLE_DEBUG_INFO = INCLUDE_SOURCE;
				MTL_FAST_MATH = YES;
				ONLY_ACTIVE_ARCH = YES;
				SWIFT_ACTIVE_COMPILATION_CONDITIONS = "DEBUG $(inherited)";
				SWIFT_OPTIMIZATION_LEVEL = "-Onone";
			};
			name = Debug;
		};
		B7C2E8EA2E18C9B500CB6A1C /* Release */ = {
			isa = XCBuildConfiguration;
			baseConfigurationReferenceAnchor = B7C2E8CB2E18C9B200CB6A1C /* Nutrition Calculator */;
			baseConfigurationReferenceRelativePath = Secrets.xcconfig;
			buildSettings = {
				ALWAYS_SEARCH_USER_PATHS = NO;
				ASSETCATALOG_COMPILER_GENERATE_SWIFT_ASSET_SYMBOL_EXTENSIONS = YES;
				CLANG_ANALYZER_NONNULL = YES;
				CLANG_ANALYZER_NUMBER_OBJECT_CONVERSION = YES_AGGRESSIVE;
				CLANG_CXX_LANGUAGE_STANDARD = "gnu++20";
				CLANG_ENABLE_MODULES = YES;
				CLANG_ENABLE_OBJC_ARC = YES;
				CLANG_ENABLE_OBJC_WEAK = YES;
				CLANG_WARN_BLOCK_CAPTURE_AUTORELEASING = YES;
				CLANG_WARN_BOOL_CONVERSION = YES;
				CLANG_WARN_COMMA = YES;
				CLANG_WARN_CONSTANT_CONVERSION = YES;
				CLANG_WARN_DEPRECATED_OBJC_IMPLEMENTATIONS = YES;
				CLANG_WARN_DIRECT_OBJC_ISA_USAGE = YES_ERROR;
				CLANG_WARN_DOCUMENTATION_COMMENTS = YES;
				CLANG_WARN_EMPTY_BODY = YES;
				CLANG_WARN_ENUM_CONVERSION = YES;
				CLANG_WARN_INFINITE_RECURSION = YES;
				CLANG_WARN_INT_CONVERSION = YES;
				CLANG_WARN_NON_LITERAL_NULL_CONVERSION = YES;
				CLANG_WARN_OBJC_IMPLICIT_RETAIN_SELF = YES;
				CLANG_WARN_OBJC_LITERAL_CONVERSION = YES;
				CLANG_WARN_OBJC_ROOT_CLASS = YES_ERROR;
				CLANG_WARN_QUOTED_INCLUDE_IN_FRAMEWORK_HEADER = YES;
				CLANG_WARN_RANGE_LOOP_ANALYSIS = YES;
				CLANG_WARN_STRICT_PROTOTYPES = YES;
				CLANG_WARN_SUSPICIOUS_MOVE = YES;
				CLANG_WARN_UNGUARDED_AVAILABILITY = YES_AGGRESSIVE;
				CLANG_WARN_UNREACHABLE_CODE = YES;
				CLANG_WARN__DUPLICATE_METHOD_MATCH = YES;
				COPY_PHASE_STRIP = NO;
				DEBUG_INFORMATION_FORMAT = "dwarf-with-dsym";
				ENABLE_NS_ASSERTIONS = NO;
				ENABLE_STRICT_OBJC_MSGSEND = YES;
				ENABLE_USER_SCRIPT_SANDBOXING = YES;
				GCC_C_LANGUAGE_STANDARD = gnu17;
				GCC_NO_COMMON_BLOCKS = YES;
				GCC_WARN_64_TO_32_BIT_CONVERSION = YES;
				GCC_WARN_ABOUT_RETURN_TYPE = YES_ERROR;
				GCC_WARN_UNDECLARED_SELECTOR = YES;
				GCC_WARN_UNINITIALIZED_AUTOS = YES_AGGRESSIVE;
				GCC_WARN_UNUSED_FUNCTION = YES;
				GCC_WARN_UNUSED_VARIABLE = YES;
				LOCALIZATION_PREFERS_STRING_CATALOGS = YES;
				MTL_ENABLE_DEBUG_INFO = NO;
				MTL_FAST_MATH = YES;
				SWIFT_COMPILATION_MODE = wholemodule;
			};
			name = Release;
		};
		B7C2E8EC2E18C9B500CB6A1C /* Debug */ = {
			isa = XCBuildConfiguration;
			baseConfigurationReferenceAnchor = B7C2E8CB2E18C9B200CB6A1C /* Nutrition Calculator */;
			baseConfigurationReferenceRelativePath = Secrets.xcconfig;
			buildSettings = {
				ASSETCATALOG_COMPILER_APPICON_NAME = AppIcon;
				ASSETCATALOG_COMPILER_GLOBAL_ACCENT_COLOR_NAME = AccentColor;
				CODE_SIGN_ENTITLEMENTS = "Nutrition Calculator/Nutrition_Calculator.entitlements";
				CODE_SIGN_STYLE = Automatic;
				CURRENT_PROJECT_VERSION = 1;
				DEVELOPMENT_TEAM = Y6P9YLB47J;
				ENABLE_PREVIEWS = YES;
				GENERATE_INFOPLIST_FILE = YES;
				INFOPLIST_FILE = "Nutrition-Calculator-Info.plist";
				"INFOPLIST_KEY_UIApplicationSceneManifest_Generation[sdk=iphoneos*]" = YES;
				"INFOPLIST_KEY_UIApplicationSceneManifest_Generation[sdk=iphonesimulator*]" = YES;
				"INFOPLIST_KEY_UIApplicationSupportsIndirectInputEvents[sdk=iphoneos*]" = YES;
				"INFOPLIST_KEY_UIApplicationSupportsIndirectInputEvents[sdk=iphonesimulator*]" = YES;
				"INFOPLIST_KEY_UILaunchScreen_Generation[sdk=iphoneos*]" = YES;
				"INFOPLIST_KEY_UILaunchScreen_Generation[sdk=iphonesimulator*]" = YES;
				"INFOPLIST_KEY_UIStatusBarStyle[sdk=iphoneos*]" = UIStatusBarStyleDefault;
				"INFOPLIST_KEY_UIStatusBarStyle[sdk=iphonesimulator*]" = UIStatusBarStyleDefault;
				INFOPLIST_KEY_UISupportedInterfaceOrientations_iPad = "UIInterfaceOrientationPortrait UIInterfaceOrientationPortraitUpsideDown UIInterfaceOrientationLandscapeLeft UIInterfaceOrientationLandscapeRight";
				INFOPLIST_KEY_UISupportedInterfaceOrientations_iPhone = "UIInterfaceOrientationPortrait UIInterfaceOrientationLandscapeLeft UIInterfaceOrientationLandscapeRight";
				IPHONEOS_DEPLOYMENT_TARGET = 18.5;
				LD_RUNPATH_SEARCH_PATHS = "@executable_path/Frameworks";
				"LD_RUNPATH_SEARCH_PATHS[sdk=macosx*]" = "@executable_path/../Frameworks";
				MACOSX_DEPLOYMENT_TARGET = 15.5;
				MARKETING_VERSION = 1.1;
				PRODUCT_BUNDLE_IDENTIFIER = "hsu.Nutrition-Calculator";
				PRODUCT_NAME = "$(TARGET_NAME)";
				REGISTER_APP_GROUPS = YES;
				SDKROOT = auto;
				SUPPORTED_PLATFORMS = "iphoneos iphonesimulator macosx xros xrsimulator";
				SWIFT_EMIT_LOC_STRINGS = YES;
				SWIFT_VERSION = 5.0;
				TARGETED_DEVICE_FAMILY = "1,2,7";
				XROS_DEPLOYMENT_TARGET = 2.5;
			};
			name = Debug;
		};
		B7C2E8ED2E18C9B500CB6A1C /* Release */ = {
			isa = XCBuildConfiguration;
			baseConfigurationReferenceAnchor = B7C2E8CB2E18C9B200CB6A1C /* Nutrition Calculator */;
			baseConfigurationReferenceRelativePath = Secrets.xcconfig;
			buildSettings = {
				ASSETCATALOG_COMPILER_APPICON_NAME = AppIcon;
				ASSETCATALOG_COMPILER_GLOBAL_ACCENT_COLOR_NAME = AccentColor;
				CODE_SIGN_ENTITLEMENTS = "Nutrition Calculator/Nutrition_Calculator.entitlements";
				CODE_SIGN_STYLE = Automatic;
				CURRENT_PROJECT_VERSION = 1;
				DEVELOPMENT_TEAM = Y6P9YLB47J;
				ENABLE_PREVIEWS = YES;
				GENERATE_INFOPLIST_FILE = YES;
				INFOPLIST_FILE = "Nutrition-Calculator-Info.plist";
				"INFOPLIST_KEY_UIApplicationSceneManifest_Generation[sdk=iphoneos*]" = YES;
				"INFOPLIST_KEY_UIApplicationSceneManifest_Generation[sdk=iphonesimulator*]" = YES;
				"INFOPLIST_KEY_UIApplicationSupportsIndirectInputEvents[sdk=iphoneos*]" = YES;
				"INFOPLIST_KEY_UIApplicationSupportsIndirectInputEvents[sdk=iphonesimulator*]" = YES;
				"INFOPLIST_KEY_UILaunchScreen_Generation[sdk=iphoneos*]" = YES;
				"INFOPLIST_KEY_UILaunchScreen_Generation[sdk=iphonesimulator*]" = YES;
				"INFOPLIST_KEY_UIStatusBarStyle[sdk=iphoneos*]" = UIStatusBarStyleDefault;
				"INFOPLIST_KEY_UIStatusBarStyle[sdk=iphonesimulator*]" = UIStatusBarStyleDefault;
				INFOPLIST_KEY_UISupportedInterfaceOrientations_iPad = "UIInterfaceOrientationPortrait UIInterfaceOrientationPortraitUpsideDown UIInterfaceOrientationLandscapeLeft UIInterfaceOrientationLandscapeRight";
				INFOPLIST_KEY_UISupportedInterfaceOrientations_iPhone = "UIInterfaceOrientationPortrait UIInterfaceOrientationLandscapeLeft UIInterfaceOrientationLandscapeRight";
				IPHONEOS_DEPLOYMENT_TARGET = 18.5;
				LD_RUNPATH_SEARCH_PATHS = "@executable_path/Frameworks";
				"LD_RUNPATH_SEARCH_PATHS[sdk=macosx*]" = "@executable_path/../Frameworks";
				MACOSX_DEPLOYMENT_TARGET = 15.5;
				MARKETING_VERSION = 1.1;
				PRODUCT_BUNDLE_IDENTIFIER = "hsu.Nutrition-Calculator";
				PRODUCT_NAME = "$(TARGET_NAME)";
				REGISTER_APP_GROUPS = YES;
				SDKROOT = auto;
				SUPPORTED_PLATFORMS = "iphoneos iphonesimulator macosx xros xrsimulator";
				SWIFT_EMIT_LOC_STRINGS = YES;
				SWIFT_VERSION = 5.0;
				TARGETED_DEVICE_FAMILY = "1,2,7";
				XROS_DEPLOYMENT_TARGET = 2.5;
			};
			name = Release;
		};
		B7C2E8EF2E18C9B500CB6A1C /* Debug */ = {
			isa = XCBuildConfiguration;
			buildSettings = {
				BUNDLE_LOADER = "$(TEST_HOST)";
				CODE_SIGN_STYLE = Automatic;
				CURRENT_PROJECT_VERSION = 1;
				DEVELOPMENT_TEAM = Y6P9YLB47J;
				GENERATE_INFOPLIST_FILE = YES;
				IPHONEOS_DEPLOYMENT_TARGET = 18.5;
				MACOSX_DEPLOYMENT_TARGET = 15.5;
				MARKETING_VERSION = 1.0;
				PRODUCT_BUNDLE_IDENTIFIER = "hsu.Nutrition-CalculatorTests";
				PRODUCT_NAME = "$(TARGET_NAME)";
				SDKROOT = auto;
				SUPPORTED_PLATFORMS = "iphoneos iphonesimulator macosx xros xrsimulator";
				SWIFT_EMIT_LOC_STRINGS = NO;
				SWIFT_VERSION = 5.0;
				TARGETED_DEVICE_FAMILY = "1,2,7";
				TEST_HOST = "$(BUILT_PRODUCTS_DIR)/Nutrition Calculator.app/$(BUNDLE_EXECUTABLE_FOLDER_PATH)/Nutrition Calculator";
				XROS_DEPLOYMENT_TARGET = 2.5;
			};
			name = Debug;
		};
		B7C2E8F02E18C9B500CB6A1C /* Release */ = {
			isa = XCBuildConfiguration;
			buildSettings = {
				BUNDLE_LOADER = "$(TEST_HOST)";
				CODE_SIGN_STYLE = Automatic;
				CURRENT_PROJECT_VERSION = 1;
				DEVELOPMENT_TEAM = Y6P9YLB47J;
				GENERATE_INFOPLIST_FILE = YES;
				IPHONEOS_DEPLOYMENT_TARGET = 18.5;
				MACOSX_DEPLOYMENT_TARGET = 15.5;
				MARKETING_VERSION = 1.0;
				PRODUCT_BUNDLE_IDENTIFIER = "hsu.Nutrition-CalculatorTests";
				PRODUCT_NAME = "$(TARGET_NAME)";
				SDKROOT = auto;
				SUPPORTED_PLATFORMS = "iphoneos iphonesimulator macosx xros xrsimulator";
				SWIFT_EMIT_LOC_STRINGS = NO;
				SWIFT_VERSION = 5.0;
				TARGETED_DEVICE_FAMILY = "1,2,7";
				TEST_HOST = "$(BUILT_PRODUCTS_DIR)/Nutrition Calculator.app/$(BUNDLE_EXECUTABLE_FOLDER_PATH)/Nutrition Calculator";
				XROS_DEPLOYMENT_TARGET = 2.5;
			};
			name = Release;
		};
		B7C2E8F22E18C9B500CB6A1C /* Debug */ = {
			isa = XCBuildConfiguration;
			buildSettings = {
				CODE_SIGN_STYLE = Automatic;
				CURRENT_PROJECT_VERSION = 1;
				DEVELOPMENT_TEAM = Y6P9YLB47J;
				GENERATE_INFOPLIST_FILE = YES;
				IPHONEOS_DEPLOYMENT_TARGET = 18.5;
				MACOSX_DEPLOYMENT_TARGET = 15.5;
				MARKETING_VERSION = 1.0;
				PRODUCT_BUNDLE_IDENTIFIER = "hsu.Nutrition-CalculatorUITests";
				PRODUCT_NAME = "$(TARGET_NAME)";
				SDKROOT = auto;
				SUPPORTED_PLATFORMS = "iphoneos iphonesimulator macosx xros xrsimulator";
				SWIFT_EMIT_LOC_STRINGS = NO;
				SWIFT_VERSION = 5.0;
				TARGETED_DEVICE_FAMILY = "1,2,7";
				TEST_TARGET_NAME = "Nutrition Calculator";
				XROS_DEPLOYMENT_TARGET = 2.5;
			};
			name = Debug;
		};
		B7C2E8F32E18C9B500CB6A1C /* Release */ = {
			isa = XCBuildConfiguration;
			buildSettings = {
				CODE_SIGN_STYLE = Automatic;
				CURRENT_PROJECT_VERSION = 1;
				DEVELOPMENT_TEAM = Y6P9YLB47J;
				GENERATE_INFOPLIST_FILE = YES;
				IPHONEOS_DEPLOYMENT_TARGET = 18.5;
				MACOSX_DEPLOYMENT_TARGET = 15.5;
				MARKETING_VERSION = 1.0;
				PRODUCT_BUNDLE_IDENTIFIER = "hsu.Nutrition-CalculatorUITests";
				PRODUCT_NAME = "$(TARGET_NAME)";
				SDKROOT = auto;
				SUPPORTED_PLATFORMS = "iphoneos iphonesimulator macosx xros xrsimulator";
				SWIFT_EMIT_LOC_STRINGS = NO;
				SWIFT_VERSION = 5.0;
				TARGETED_DEVICE_FAMILY = "1,2,7";
				TEST_TARGET_NAME = "Nutrition Calculator";
				XROS_DEPLOYMENT_TARGET = 2.5;
			};
			name = Release;
		};
/* End XCBuildConfiguration section */

/* Begin XCConfigurationList section */
		B7C2E8C42E18C9B200CB6A1C /* Build configuration list for PBXProject "Nutrition Calculator" */ = {
			isa = XCConfigurationList;
			buildConfigurations = (
				B7C2E8E92E18C9B500CB6A1C /* Debug */,
				B7C2E8EA2E18C9B500CB6A1C /* Release */,
			);
			defaultConfigurationIsVisible = 0;
			defaultConfigurationName = Release;
		};
		B7C2E8EB2E18C9B500CB6A1C /* Build configuration list for PBXNativeTarget "Nutrition Calculator" */ = {
			isa = XCConfigurationList;
			buildConfigurations = (
				B7C2E8EC2E18C9B500CB6A1C /* Debug */,
				B7C2E8ED2E18C9B500CB6A1C /* Release */,
			);
			defaultConfigurationIsVisible = 0;
			defaultConfigurationName = Release;
		};
		B7C2E8EE2E18C9B500CB6A1C /* Build configuration list for PBXNativeTarget "Nutrition CalculatorTests" */ = {
			isa = XCConfigurationList;
			buildConfigurations = (
				B7C2E8EF2E18C9B500CB6A1C /* Debug */,
				B7C2E8F02E18C9B500CB6A1C /* Release */,
			);
			defaultConfigurationIsVisible = 0;
			defaultConfigurationName = Release;
		};
		B7C2E8F12E18C9B500CB6A1C /* Build configuration list for PBXNativeTarget "Nutrition CalculatorUITests" */ = {
			isa = XCConfigurationList;
			buildConfigurations = (
				B7C2E8F22E18C9B500CB6A1C /* Debug */,
				B7C2E8F32E18C9B500CB6A1C /* Release */,
			);
			defaultConfigurationIsVisible = 0;
			defaultConfigurationName = Release;
		};
/* End XCConfigurationList section */

/* Begin XCRemoteSwiftPackageReference section */
		B7C2E8F42E18CCD300CB6A1C /* XCRemoteSwiftPackageReference "SQLite" */ = {
			isa = XCRemoteSwiftPackageReference;
			repositoryURL = "https://github.com/stephencelis/SQLite.swift";
			requirement = {
				kind = upToNextMajorVersion;
				minimumVersion = 0.15.4;
			};
		};
/* End XCRemoteSwiftPackageReference section */

/* Begin XCSwiftPackageProductDependency section */
		B7C2E8F72E18CE1100CB6A1C /* SQLite */ = {
			isa = XCSwiftPackageProductDependency;
			package = B7C2E8F42E18CCD300CB6A1C /* XCRemoteSwiftPackageReference "SQLite" */;
			productName = SQLite;
		};
/* End XCSwiftPackageProductDependency section */
	};
	rootObject = B7C2E8C12E18C9B200CB6A1C /* Project object */;
}
